
Microsoft Visual Studio Solution File, Format Version 12.00
# Visual Studio Version 17
VisualStudioVersion = 17.13.35931.197
MinimumVisualStudioVersion = 10.0.40219.1
Project("{FAE04EC0-301F-11D3-BF4B-00C04F79EFBC}") = "Hangfire_Practice", "Hangfire_Practice\Hangfire_Practice.csproj", "{93A9CB12-C18F-485A-92C5-F6CDB5B0A57E}"
EndProject
Project("{2150E333-8FDC-42A3-9474-1A3956D46DE8}") = "Solution Items", "Solution Items", "{8EC462FD-D22E-90A8-E5CE-7E832BA40C5D}"
	ProjectSection(SolutionItems) = preProject
		README.md = README.md
	EndProjectSection
EndProject
Global
	GlobalSection(SolutionConfigurationPlatforms) = preSolution
		Debug|Any CPU = Debug|Any CPU
		Release|Any CPU = Release|Any CPU
	EndGlobalSection
	GlobalSection(ProjectConfigurationPlatforms) = postSolution
		{93A9CB12-C18F-485A-92C5-F6CDB5B0A57E}.Debug|Any CPU.ActiveCfg = Debug|Any CPU
		{93A9CB12-C18F-485A-92C5-F6CDB5B0A57E}.Debug|Any CPU.Build.0 = Debug|Any CPU
		{93A9CB12-C18F-485A-92C5-F6CDB5B0A57E}.Release|Any CPU.ActiveCfg = Release|Any CPU
		{93A9CB12-C18F-485A-92C5-F6CDB5B0A57E}.Release|Any CPU.Build.0 = Release|Any CPU
	EndGlobalSection
	GlobalSection(SolutionProperties) = preSolution
		HideSolutionNode = FALSE
	EndGlobalSection
	GlobalSection(ExtensibilityGlobals) = postSolution
		SolutionGuid = {79425027-361C-4730-9D9D-6B217860F02D}
	EndGlobalSection
EndGlobal
